
Microsoft Visual Studio Solution File, Format Version 12.00
# Visual Studio Version 17
Project("{8BC9CEB8-8B4A-11D0-8D11-00A0C91BC942}") = "ALL_BUILD", "ALL_BUILD.vcxproj", "{2573542C-56A3-3A6E-B5D1-31744DD522A4}"
	ProjectSection(ProjectDependencies) = postProject
		{51AD2A41-16CC-3F7A-8D50-9CEF57FCC8FA} = {51AD2A41-16CC-3F7A-8D50-9CEF57FCC8FA}
		{DFD20650-649C-3B35-BA96-2D929A28C095} = {DFD20650-649C-3B35-BA96-2D929A28C095}
		{A7C73214-A1D7-3B35-AF50-04D5054CF210} = {A7C73214-A1D7-3B35-AF50-04D5054CF210}
		{B1DD0AFB-0ACD-3B81-BD9E-4AA0D854FA9B} = {B1DD0AFB-0ACD-3B81-BD9E-4AA0D854FA9B}
	EndProjectSection
EndProject
Project("{8BC9CEB8-8B4A-11D0-8D11-00A0C91BC942}") = "HavokMax", "HavokMax.vcxproj", "{51AD2A41-16CC-3F7A-8D50-9CEF57FCC8FA}"
	ProjectSection(ProjectDependencies) = postProject
		{DFD20650-649C-3B35-BA96-2D929A28C095} = {DFD20650-649C-3B35-BA96-2D929A28C095}
		{A7C73214-A1D7-3B35-AF50-04D5054CF210} = {A7C73214-A1D7-3B35-AF50-04D5054CF210}
		{B1DD0AFB-0ACD-3B81-BD9E-4AA0D854FA9B} = {B1DD0AFB-0ACD-3B81-BD9E-4AA0D854FA9B}
	EndProjectSection
EndProject
Project("{8BC9CEB8-8B4A-11D0-8D11-00A0C91BC942}") = "INSTALL", "INSTALL.vcxproj", "{E31AC1F7-01CB-3D75-9CA5-DD29F3999FBD}"
	ProjectSection(ProjectDependencies) = postProject
		{2573542C-56A3-3A6E-B5D1-31744DD522A4} = {2573542C-56A3-3A6E-B5D1-31744DD522A4}
		{DFD20650-649C-3B35-BA96-2D929A28C095} = {DFD20650-649C-3B35-BA96-2D929A28C095}
	EndProjectSection
EndProject
Project("{8BC9CEB8-8B4A-11D0-8D11-00A0C91BC942}") = "ZERO_CHECK", "ZERO_CHECK.vcxproj", "{DFD20650-649C-3B35-BA96-2D929A28C095}"
	ProjectSection(ProjectDependencies) = postProject
	EndProjectSection
EndProject
Project("{8BC9CEB8-8B4A-11D0-8D11-00A0C91BC942}") = "havok-objects", "C:\Users\jacob\Documents\GitHub\HavokLib\source\havok-objects.vcxproj", "{A7C73214-A1D7-3B35-AF50-04D5054CF210}"
	ProjectSection(ProjectDependencies) = postProject
		{DFD20650-649C-3B35-BA96-2D929A28C095} = {DFD20650-649C-3B35-BA96-2D929A28C095}
		{B1DD0AFB-0ACD-3B81-BD9E-4AA0D854FA9B} = {B1DD0AFB-0ACD-3B81-BD9E-4AA0D854FA9B}
	EndProjectSection
EndProject
Project("{8BC9CEB8-8B4A-11D0-8D11-00A0C91BC942}") = "pugixml", "C:\Users\jacob\Documents\GitHub\HavokLib\3rd_party\PugiXml\pugixml.vcxproj", "{B1DD0AFB-0ACD-3B81-BD9E-4AA0D854FA9B}"
	ProjectSection(ProjectDependencies) = postProject
		{DFD20650-649C-3B35-BA96-2D929A28C095} = {DFD20650-649C-3B35-BA96-2D929A28C095}
	EndProjectSection
EndProject
Global
	GlobalSection(SolutionConfigurationPlatforms) = preSolution
		Debug|x64 = Debug|x64
		Release|x64 = Release|x64
		MinSizeRel|x64 = MinSizeRel|x64
		RelWithDebInfo|x64 = RelWithDebInfo|x64
	EndGlobalSection
	GlobalSection(ProjectConfigurationPlatforms) = postSolution
		{2573542C-56A3-3A6E-B5D1-31744DD522A4}.Debug|x64.ActiveCfg = Debug|x64
		{2573542C-56A3-3A6E-B5D1-31744DD522A4}.Debug|x64.Build.0 = Debug|x64
		{2573542C-56A3-3A6E-B5D1-31744DD522A4}.Release|x64.ActiveCfg = Release|x64
		{2573542C-56A3-3A6E-B5D1-31744DD522A4}.Release|x64.Build.0 = Release|x64
		{2573542C-56A3-3A6E-B5D1-31744DD522A4}.MinSizeRel|x64.ActiveCfg = MinSizeRel|x64
		{2573542C-56A3-3A6E-B5D1-31744DD522A4}.MinSizeRel|x64.Build.0 = MinSizeRel|x64
		{2573542C-56A3-3A6E-B5D1-31744DD522A4}.RelWithDebInfo|x64.ActiveCfg = RelWithDebInfo|x64
		{2573542C-56A3-3A6E-B5D1-31744DD522A4}.RelWithDebInfo|x64.Build.0 = RelWithDebInfo|x64
		{51AD2A41-16CC-3F7A-8D50-9CEF57FCC8FA}.Debug|x64.ActiveCfg = Debug|x64
		{51AD2A41-16CC-3F7A-8D50-9CEF57FCC8FA}.Debug|x64.Build.0 = Debug|x64
		{51AD2A41-16CC-3F7A-8D50-9CEF57FCC8FA}.Release|x64.ActiveCfg = Release|x64
		{51AD2A41-16CC-3F7A-8D50-9CEF57FCC8FA}.Release|x64.Build.0 = Release|x64
		{51AD2A41-16CC-3F7A-8D50-9CEF57FCC8FA}.MinSizeRel|x64.ActiveCfg = MinSizeRel|x64
		{51AD2A41-16CC-3F7A-8D50-9CEF57FCC8FA}.MinSizeRel|x64.Build.0 = MinSizeRel|x64
		{51AD2A41-16CC-3F7A-8D50-9CEF57FCC8FA}.RelWithDebInfo|x64.ActiveCfg = RelWithDebInfo|x64
		{51AD2A41-16CC-3F7A-8D50-9CEF57FCC8FA}.RelWithDebInfo|x64.Build.0 = RelWithDebInfo|x64
		{E31AC1F7-01CB-3D75-9CA5-DD29F3999FBD}.Debug|x64.ActiveCfg = Debug|x64
		{E31AC1F7-01CB-3D75-9CA5-DD29F3999FBD}.Release|x64.ActiveCfg = Release|x64
		{E31AC1F7-01CB-3D75-9CA5-DD29F3999FBD}.MinSizeRel|x64.ActiveCfg = MinSizeRel|x64
		{E31AC1F7-01CB-3D75-9CA5-DD29F3999FBD}.RelWithDebInfo|x64.ActiveCfg = RelWithDebInfo|x64
		{DFD20650-649C-3B35-BA96-2D929A28C095}.Debug|x64.ActiveCfg = Debug|x64
		{DFD20650-649C-3B35-BA96-2D929A28C095}.Debug|x64.Build.0 = Debug|x64
		{DFD20650-649C-3B35-BA96-2D929A28C095}.Release|x64.ActiveCfg = Release|x64
		{DFD20650-649C-3B35-BA96-2D929A28C095}.Release|x64.Build.0 = Release|x64
		{DFD20650-649C-3B35-BA96-2D929A28C095}.MinSizeRel|x64.ActiveCfg = MinSizeRel|x64
		{DFD20650-649C-3B35-BA96-2D929A28C095}.MinSizeRel|x64.Build.0 = MinSizeRel|x64
		{DFD20650-649C-3B35-BA96-2D929A28C095}.RelWithDebInfo|x64.ActiveCfg = RelWithDebInfo|x64
		{DFD20650-649C-3B35-BA96-2D929A28C095}.RelWithDebInfo|x64.Build.0 = RelWithDebInfo|x64
		{A7C73214-A1D7-3B35-AF50-04D5054CF210}.Debug|x64.ActiveCfg = Debug|x64
		{A7C73214-A1D7-3B35-AF50-04D5054CF210}.Debug|x64.Build.0 = Debug|x64
		{A7C73214-A1D7-3B35-AF50-04D5054CF210}.Release|x64.ActiveCfg = Release|x64
		{A7C73214-A1D7-3B35-AF50-04D5054CF210}.Release|x64.Build.0 = Release|x64
		{A7C73214-A1D7-3B35-AF50-04D5054CF210}.MinSizeRel|x64.ActiveCfg = MinSizeRel|x64
		{A7C73214-A1D7-3B35-AF50-04D5054CF210}.MinSizeRel|x64.Build.0 = MinSizeRel|x64
		{A7C73214-A1D7-3B35-AF50-04D5054CF210}.RelWithDebInfo|x64.ActiveCfg = RelWithDebInfo|x64
		{A7C73214-A1D7-3B35-AF50-04D5054CF210}.RelWithDebInfo|x64.Build.0 = RelWithDebInfo|x64
		{B1DD0AFB-0ACD-3B81-BD9E-4AA0D854FA9B}.Debug|x64.ActiveCfg = Debug|x64
		{B1DD0AFB-0ACD-3B81-BD9E-4AA0D854FA9B}.Debug|x64.Build.0 = Debug|x64
		{B1DD0AFB-0ACD-3B81-BD9E-4AA0D854FA9B}.Release|x64.ActiveCfg = Release|x64
		{B1DD0AFB-0ACD-3B81-BD9E-4AA0D854FA9B}.Release|x64.Build.0 = Release|x64
		{B1DD0AFB-0ACD-3B81-BD9E-4AA0D854FA9B}.MinSizeRel|x64.ActiveCfg = MinSizeRel|x64
		{B1DD0AFB-0ACD-3B81-BD9E-4AA0D854FA9B}.MinSizeRel|x64.Build.0 = MinSizeRel|x64
		{B1DD0AFB-0ACD-3B81-BD9E-4AA0D854FA9B}.RelWithDebInfo|x64.ActiveCfg = RelWithDebInfo|x64
		{B1DD0AFB-0ACD-3B81-BD9E-4AA0D854FA9B}.RelWithDebInfo|x64.Build.0 = RelWithDebInfo|x64
	EndGlobalSection
	GlobalSection(ExtensibilityGlobals) = postSolution
		SolutionGuid = {36739BC4-675F-3EC0-9F59-739CB4132A27}
	EndGlobalSection
	GlobalSection(ExtensibilityAddIns) = postSolution
	EndGlobalSection
EndGlobal
